<?xml version="1.0" encoding="utf-8"?>
<Project ToolsVersion="4.0" xmlns="http://schemas.microsoft.com/developer/msbuild/2003">
  <ItemGroup>
    <Filter Include="Header Files">
      <UniqueIdentifier>{21EB8090-0D4E-1035-B6D3-48EBA215DCB7}</UniqueIdentifier>
    </Filter>
    <Filter Include="Source Files">
      <UniqueIdentifier>{E9C7FDCE-D52A-8D73-7EB0-C5296AF258F6}</UniqueIdentifier>
    </Filter>
  </ItemGroup>
  <ItemGroup>
    <ClCompile Include="src\Logic\game.cpp" />
    <ClCompile Include="src\Screens\Gameplay.cpp" />
    <ClCompile Include="src\Utility\CoordinateGrid.cpp" />
    <ClCompile Include="src\Utility\FallingShape.cpp" />
    <ClCompile Include="src\Utility\TexturesLoad.cpp" />
    <ClCompile Include="src\Utility\Utility.cpp" />
    <ClCompile Include="src\main.cpp" />
  </ItemGroup>
  <ItemGroup>
    <ClInclude Include="src\Logic\game.h" />
    <ClInclude Include="src\Screens\Gameplay.h" />
    <ClInclude Include="src\Utility\CoordinateGrid.h" />
    <ClInclude Include="src\Utility\FallingShape.h" />
    <ClInclude Include="src\Utility\TexturesLoad.h" />
    <ClInclude Include="src\Utility\Utility.h" />
  </ItemGroup>
  <ItemGroup>
    <Image Include="Assets\BlockFive.png" />
    <Image Include="Assets\BlockFour.png" />
    <Image Include="Assets\BlockOne.png" />
    <Image Include="Assets\BlockSeven.png" />
    <Image Include="Assets\BlockSix.png" />
    <Image Include="Assets\BlockThree.png" />
    <Image Include="Assets\BlockTwo.png" />
    <Image Include="Assets\GameBox.png" />
    <Image Include="Assets\Square.png" />
    <Image Include="Assets\Square1.png" />
  </ItemGroup>
</Project>